
Microsoft Visual Studio Solution File, Format Version 12.00
# Visual Studio Version 17
VisualStudioVersion = 17.4.33205.214
MinimumVisualStudioVersion = 10.0.40219.1
Project("{FAE04EC0-301F-11D3-BF4B-00C04F79EFBC}") = "sampleapi", "sampleapi\sampleapi.csproj", "{9DDA7C6A-8E4F-464E-BC23-D3445C104331}"
EndProject
Global
	GlobalSection(SolutionConfigurationPlatforms) = preSolution
		Debug|Any CPU = Debug|Any CPU
		Release|Any CPU = Release|Any CPU
	EndGlobalSection
	GlobalSection(ProjectConfigurationPlatforms) = postSolution
		{9DDA7C6A-8E4F-464E-BC23-D3445C104331}.Debug|Any CPU.ActiveCfg = Debug|Any CPU
		{9DDA7C6A-8E4F-464E-BC23-D3445C104331}.Debug|Any CPU.Build.0 = Debug|Any CPU
		{9DDA7C6A-8E4F-464E-BC23-D3445C104331}.Release|Any CPU.ActiveCfg = Release|Any CPU
		{9DDA7C6A-8E4F-464E-BC23-D3445C104331}.Release|Any CPU.Build.0 = Release|Any CPU
	EndGlobalSection
	GlobalSection(SolutionProperties) = preSolution
		HideSolutionNode = FALSE
	EndGlobalSection
	GlobalSection(ExtensibilityGlobals) = postSolution
		SolutionGuid = {E6B000EA-9F50-4F9D-9790-F726EEA62677}
	EndGlobalSection
EndGlobal
